
Microsoft Visual Studio Solution File, Format Version 12.00
Project("{FAE04EC0-301F-11D3-BF4B-00C04F79EFBC}") = "AoC", "AoC\AoC.csproj", "{6EC68730-714A-4655-AAA1-F7436A397532}"
EndProject
Project("{FAE04EC0-301F-11D3-BF4B-00C04F79EFBC}") = "Tests", "Tests\Tests.csproj", "{DD8C6272-9761-4B7E-AC31-64F0A7A8FBA4}"
EndProject
Global
	GlobalSection(SolutionConfigurationPlatforms) = preSolution
		Debug|Any CPU = Debug|Any CPU
		Release|Any CPU = Release|Any CPU
	EndGlobalSection
	GlobalSection(ProjectConfigurationPlatforms) = postSolution
		{6EC68730-714A-4655-AAA1-F7436A397532}.Debug|Any CPU.ActiveCfg = Debug|Any CPU
		{6EC68730-714A-4655-AAA1-F7436A397532}.Debug|Any CPU.Build.0 = Debug|Any CPU
		{6EC68730-714A-4655-AAA1-F7436A397532}.Release|Any CPU.ActiveCfg = Release|Any CPU
		{6EC68730-714A-4655-AAA1-F7436A397532}.Release|Any CPU.Build.0 = Release|Any CPU
		{DD8C6272-9761-4B7E-AC31-64F0A7A8FBA4}.Debug|Any CPU.ActiveCfg = Debug|Any CPU
		{DD8C6272-9761-4B7E-AC31-64F0A7A8FBA4}.Debug|Any CPU.Build.0 = Debug|Any CPU
		{DD8C6272-9761-4B7E-AC31-64F0A7A8FBA4}.Release|Any CPU.ActiveCfg = Release|Any CPU
		{DD8C6272-9761-4B7E-AC31-64F0A7A8FBA4}.Release|Any CPU.Build.0 = Release|Any CPU
	EndGlobalSection
EndGlobal
